// !$*UTF8*$!
{
	archiveVersion = 1;
	classes = {
	};
	objectVersion = 50;
	objects = {

/* Begin PBXBuildFile section */
		2AC64CF921E8653200AAB6F1 /* AppDelegate.swift in Sources */ = {isa = PBXBuildFile; fileRef = 2AC64CF821E8653200AAB6F1 /* AppDelegate.swift */; };
		2AC64CFB21E8653200AAB6F1 /* ViewController.swift in Sources */ = {isa = PBXBuildFile; fileRef = 2AC64CFA21E8653200AAB6F1 /* ViewController.swift */; };
		2AC64CFE21E8653200AAB6F1 /* Main.storyboard in Resources */ = {isa = PBXBuildFile; fileRef = 2AC64CFC21E8653200AAB6F1 /* Main.storyboard */; };
		2AC64D0021E8653400AAB6F1 /* Assets.xcassets in Resources */ = {isa = PBXBuildFile; fileRef = 2AC64CFF21E8653400AAB6F1 /* Assets.xcassets */; };
		2AC64D0321E8653400AAB6F1 /* LaunchScreen.storyboard in Resources */ = {isa = PBXBuildFile; fileRef = 2AC64D0121E8653400AAB6F1 /* LaunchScreen.storyboard */; };
		2AC64D1321E86B3700AAB6F1 /* ActionViewController.swift in Sources */ = {isa = PBXBuildFile; fileRef = 2AC64D1221E86B3700AAB6F1 /* ActionViewController.swift */; };
		2AC64D1621E86B3700AAB6F1 /* MainInterface.storyboard in Resources */ = {isa = PBXBuildFile; fileRef = 2AC64D1421E86B3700AAB6F1 /* MainInterface.storyboard */; };
		2AC64D1A21E86B3700AAB6F1 /* Extension.appex in Embed App Extensions */ = {isa = PBXBuildFile; fileRef = 2AC64D0E21E86B3700AAB6F1 /* Extension.appex */; settings = {ATTRIBUTES = (RemoveHeadersOnCopy, ); }; };
		2AC64D2021E8B15300AAB6F1 /* Action.js in Resources */ = {isa = PBXBuildFile; fileRef = 2AC64D1F21E8B15300AAB6F1 /* Action.js */; };
/* End PBXBuildFile section */

/* Begin PBXContainerItemProxy section */
		2AC64D1821E86B3700AAB6F1 /* PBXContainerItemProxy */ = {
			isa = PBXContainerItemProxy;
			containerPortal = 2AC64CED21E8653200AAB6F1 /* Project object */;
			proxyType = 1;
			remoteGlobalIDString = 2AC64D0D21E86B3700AAB6F1;
			remoteInfo = Extension;
		};
/* End PBXContainerItemProxy section */

/* Begin PBXCopyFilesBuildPhase section */
		2AC64D1E21E86B3700AAB6F1 /* Embed App Extensions */ = {
			isa = PBXCopyFilesBuildPhase;
			buildActionMask = 2147483647;
			dstPath = "";
			dstSubfolderSpec = 13;
			files = (
				2AC64D1A21E86B3700AAB6F1 /* Extension.appex in Embed App Extensions */,
			);
			name = "Embed App Extensions";
			runOnlyForDeploymentPostprocessing = 0;
		};
/* End PBXCopyFilesBuildPhase section */

/* Begin PBXFileReference section */
		2AC64CF521E8653200AAB6F1 /* SafariExtension.app */ = {isa = PBXFileReference; explicitFileType = wrapper.application; includeInIndex = 0; path = SafariExtension.app; sourceTree = BUILT_PRODUCTS_DIR; };
		2AC64CF821E8653200AAB6F1 /* AppDelegate.swift */ = {isa = PBXFileReference; lastKnownFileType = sourcecode.swift; path = AppDelegate.swift; sourceTree = "<group>"; };
		2AC64CFA21E8653200AAB6F1 /* ViewController.swift */ = {isa = PBXFileReference; lastKnownFileType = sourcecode.swift; path = ViewController.swift; sourceTree = "<group>"; };
		2AC64CFD21E8653200AAB6F1 /* Base */ = {isa = PBXFileReference; lastKnownFileType = file.storyboard; name = Base; path = Base.lproj/Main.storyboard; sourceTree = "<group>"; };
		2AC64CFF21E8653400AAB6F1 /* Assets.xcassets */ = {isa = PBXFileReference; lastKnownFileType = folder.assetcatalog; path = Assets.xcassets; sourceTree = "<group>"; };
		2AC64D0221E8653400AAB6F1 /* Base */ = {isa = PBXFileReference; lastKnownFileType = file.storyboard; name = Base; path = Base.lproj/LaunchScreen.storyboard; sourceTree = "<group>"; };
		2AC64D0421E8653400AAB6F1 /* Info.plist */ = {isa = PBXFileReference; lastKnownFileType = text.plist.xml; path = Info.plist; sourceTree = "<group>"; };
		2AC64D0E21E86B3700AAB6F1 /* Extension.appex */ = {isa = PBXFileReference; explicitFileType = "wrapper.app-extension"; includeInIndex = 0; path = Extension.appex; sourceTree = BUILT_PRODUCTS_DIR; };
		2AC64D1221E86B3700AAB6F1 /* ActionViewController.swift */ = {isa = PBXFileReference; lastKnownFileType = sourcecode.swift; path = ActionViewController.swift; sourceTree = "<group>"; };
		2AC64D1521E86B3700AAB6F1 /* Base */ = {isa = PBXFileReference; lastKnownFileType = file.storyboard; name = Base; path = Base.lproj/MainInterface.storyboard; sourceTree = "<group>"; };
		2AC64D1721E86B3700AAB6F1 /* Info.plist */ = {isa = PBXFileReference; lastKnownFileType = text.plist.xml; path = Info.plist; sourceTree = "<group>"; };
		2AC64D1F21E8B15300AAB6F1 /* Action.js */ = {isa = PBXFileReference; lastKnownFileType = sourcecode.javascript; path = Action.js; sourceTree = "<group>"; };
/* End PBXFileReference section */

/* Begin PBXFrameworksBuildPhase section */
		2AC64CF221E8653200AAB6F1 /* Frameworks */ = {
			isa = PBXFrameworksBuildPhase;
			buildActionMask = 2147483647;
			files = (
			);
			runOnlyForDeploymentPostprocessing = 0;
		};
		2AC64D0B21E86B3700AAB6F1 /* Frameworks */ = {
			isa = PBXFrameworksBuildPhase;
			buildActionMask = 2147483647;
			files = (
			);
			runOnlyForDeploymentPostprocessing = 0;
		};
/* End PBXFrameworksBuildPhase section */

/* Begin PBXGroup section */
		2AC64CEC21E8653200AAB6F1 = {
			isa = PBXGroup;
			children = (
				2AC64CF721E8653200AAB6F1 /* SafariExtension */,
				2AC64D0F21E86B3700AAB6F1 /* Extension */,
				2AC64CF621E8653200AAB6F1 /* Products */,
			);
			sourceTree = "<group>";
		};
		2AC64CF621E8653200AAB6F1 /* Products */ = {
			isa = PBXGroup;
			children = (
				2AC64CF521E8653200AAB6F1 /* SafariExtension.app */,
				2AC64D0E21E86B3700AAB6F1 /* Extension.appex */,
			);
			name = Products;
			sourceTree = "<group>";
		};
		2AC64CF721E8653200AAB6F1 /* SafariExtension */ = {
			isa = PBXGroup;
			children = (
				2AC64CF821E8653200AAB6F1 /* AppDelegate.swift */,
				2AC64CFA21E8653200AAB6F1 /* ViewController.swift */,
				2AC64CFC21E8653200AAB6F1 /* Main.storyboard */,
				2AC64CFF21E8653400AAB6F1 /* Assets.xcassets */,
				2AC64D0121E8653400AAB6F1 /* LaunchScreen.storyboard */,
				2AC64D0421E8653400AAB6F1 /* Info.plist */,
			);
			path = SafariExtension;
			sourceTree = "<group>";
		};
		2AC64D0F21E86B3700AAB6F1 /* Extension */ = {
			isa = PBXGroup;
			children = (
				2AC64D1221E86B3700AAB6F1 /* ActionViewController.swift */,
				2AC64D1421E86B3700AAB6F1 /* MainInterface.storyboard */,
				2AC64D1721E86B3700AAB6F1 /* Info.plist */,
				2AC64D1F21E8B15300AAB6F1 /* Action.js */,
			);
			path = Extension;
			sourceTree = "<group>";
		};
/* End PBXGroup section */

/* Begin PBXNativeTarget section */
		2AC64CF421E8653200AAB6F1 /* SafariExtension */ = {
			isa = PBXNativeTarget;
			buildConfigurationList = 2AC64D0721E8653400AAB6F1 /* Build configuration list for PBXNativeTarget "SafariExtension" */;
			buildPhases = (
				2AC64CF121E8653200AAB6F1 /* Sources */,
				2AC64CF221E8653200AAB6F1 /* Frameworks */,
				2AC64CF321E8653200AAB6F1 /* Resources */,
				2AC64D1E21E86B3700AAB6F1 /* Embed App Extensions */,
			);
			buildRules = (
			);
			dependencies = (
				2AC64D1921E86B3700AAB6F1 /* PBXTargetDependency */,
			);
			name = SafariExtension;
			productName = SafariExtension;
			productReference = 2AC64CF521E8653200AAB6F1 /* SafariExtension.app */;
			productType = "com.apple.product-type.application";
		};
		2AC64D0D21E86B3700AAB6F1 /* Extension */ = {
			isa = PBXNativeTarget;
			buildConfigurationList = 2AC64D1B21E86B3700AAB6F1 /* Build configuration list for PBXNativeTarget "Extension" */;
			buildPhases = (
				2AC64D0A21E86B3700AAB6F1 /* Sources */,
				2AC64D0B21E86B3700AAB6F1 /* Frameworks */,
				2AC64D0C21E86B3700AAB6F1 /* Resources */,
			);
			buildRules = (
			);
			dependencies = (
			);
			name = Extension;
			productName = Extension;
			productReference = 2AC64D0E21E86B3700AAB6F1 /* Extension.appex */;
			productType = "com.apple.product-type.app-extension";
		};
/* End PBXNativeTarget section */

/* Begin PBXProject section */
		2AC64CED21E8653200AAB6F1 /* Project object */ = {
			isa = PBXProject;
			attributes = {
				LastSwiftUpdateCheck = 1010;
				LastUpgradeCheck = 1010;
				ORGANIZATIONNAME = "SDI Group Inc.";
				TargetAttributes = {
					2AC64CF421E8653200AAB6F1 = {
						CreatedOnToolsVersion = 10.1;
					};
					2AC64D0D21E86B3700AAB6F1 = {
						CreatedOnToolsVersion = 10.1;
					};
				};
			};
			buildConfigurationList = 2AC64CF021E8653200AAB6F1 /* Build configuration list for PBXProject "SafariExtension" */;
			compatibilityVersion = "Xcode 9.3";
			developmentRegion = en;
			hasScannedForEncodings = 0;
			knownRegions = (
				en,
				Base,
			);
			mainGroup = 2AC64CEC21E8653200AAB6F1;
			productRefGroup = 2AC64CF621E8653200AAB6F1 /* Products */;
			projectDirPath = "";
			projectRoot = "";
			targets = (
				2AC64CF421E8653200AAB6F1 /* SafariExtension */,
				2AC64D0D21E86B3700AAB6F1 /* Extension */,
			);
		};
/* End PBXProject section */

/* Begin PBXResourcesBuildPhase section */
		2AC64CF321E8653200AAB6F1 /* Resources */ = {
			isa = PBXResourcesBuildPhase;
			buildActionMask = 2147483647;
			files = (
				2AC64D0321E8653400AAB6F1 /* LaunchScreen.storyboard in Resources */,
				2AC64D0021E8653400AAB6F1 /* Assets.xcassets in Resources */,
				2AC64CFE21E8653200AAB6F1 /* Main.storyboard in Resources */,
			);
			runOnlyForDeploymentPostprocessing = 0;
		};
		2AC64D0C21E86B3700AAB6F1 /* Resources */ = {
			isa = PBXResourcesBuildPhase;
			buildActionMask = 2147483647;
			files = (
				2AC64D2021E8B15300AAB6F1 /* Action.js in Resources */,
				2AC64D1621E86B3700AAB6F1 /* MainInterface.storyboard in Resources */,
			);
			runOnlyForDeploymentPostprocessing = 0;
		};
/* End PBXResourcesBuildPhase section */

/* Begin PBXSourcesBuildPhase section */
		2AC64CF121E8653200AAB6F1 /* Sources */ = {
			isa = PBXSourcesBuildPhase;
			buildActionMask = 2147483647;
			files = (
				2AC64CFB21E8653200AAB6F1 /* ViewController.swift in Sources */,
				2AC64CF921E8653200AAB6F1 /* AppDelegate.swift in Sources */,
			);
			runOnlyForDeploymentPostprocessing = 0;
		};
		2AC64D0A21E86B3700AAB6F1 /* Sources */ = {
			isa = PBXSourcesBuildPhase;
			buildActionMask = 2147483647;
			files = (
				2AC64D1321E86B3700AAB6F1 /* ActionViewController.swift in Sources */,
			);
			runOnlyForDeploymentPostprocessing = 0;
		};
/* End PBXSourcesBuildPhase section */

/* Begin PBXTargetDependency section */
		2AC64D1921E86B3700AAB6F1 /* PBXTargetDependency */ = {
			isa = PBXTargetDependency;
			target = 2AC64D0D21E86B3700AAB6F1 /* Extension */;
			targetProxy = 2AC64D1821E86B3700AAB6F1 /* PBXContainerItemProxy */;
		};
/* End PBXTargetDependency section */

/* Begin PBXVariantGroup section */
		2AC64CFC21E8653200AAB6F1 /* Main.storyboard */ = {
			isa = PBXVariantGroup;
			children = (
				2AC64CFD21E8653200AAB6F1 /* Base */,
			);
			name = Main.storyboard;
			sourceTree = "<group>";
		};
		2AC64D0121E8653400AAB6F1 /* LaunchScreen.storyboard */ = {
			isa = PBXVariantGroup;
			children = (
				2AC64D0221E8653400AAB6F1 /* Base */,
			);
			name = LaunchScreen.storyboard;
			sourceTree = "<group>";
		};
		2AC64D1421E86B3700AAB6F1 /* MainInterface.storyboard */ = {
			isa = PBXVariantGroup;
			children = (
				2AC64D1521E86B3700AAB6F1 /* Base */,
			);
			name = MainInterface.storyboard;
			sourceTree = "<group>";
		};
/* End PBXVariantGroup section */

/* Begin XCBuildConfiguration section */
		2AC64D0521E8653400AAB6F1 /* Debug */ = {
			isa = XCBuildConfiguration;
			buildSettings = {
				ALWAYS_SEARCH_USER_PATHS = NO;
				CLANG_ANALYZER_NONNULL = YES;
				CLANG_ANALYZER_NUMBER_OBJECT_CONVERSION = YES_AGGRESSIVE;
				CLANG_CXX_LANGUAGE_STANDARD = "gnu++14";
				CLANG_CXX_LIBRARY = "libc++";
				CLANG_ENABLE_MODULES = YES;
				CLANG_ENABLE_OBJC_ARC = YES;
				CLANG_ENABLE_OBJC_WEAK = YES;
				CLANG_WARN_BLOCK_CAPTURE_AUTORELEASING = YES;
				CLANG_WARN_BOOL_CONVERSION = YES;
				CLANG_WARN_COMMA = YES;
				CLANG_WARN_CONSTANT_CONVERSION = YES;
				CLANG_WARN_DEPRECATED_OBJC_IMPLEMENTATIONS = YES;
				CLANG_WARN_DIRECT_OBJC_ISA_USAGE = YES_ERROR;
				CLANG_WARN_DOCUMENTATION_COMMENTS = YES;
				CLANG_WARN_EMPTY_BODY = YES;
				CLANG_WARN_ENUM_CONVERSION = YES;
				CLANG_WARN_INFINITE_RECURSION = YES;
				CLANG_WARN_INT_CONVERSION = YES;
				CLANG_WARN_NON_LITERAL_NULL_CONVERSION = YES;
				CLANG_WARN_OBJC_IMPLICIT_RETAIN_SELF = YES;
				CLANG_WARN_OBJC_LITERAL_CONVERSION = YES;
				CLANG_WARN_OBJC_ROOT_CLASS = YES_ERROR;
				CLANG_WARN_RANGE_LOOP_ANALYSIS = YES;
				CLANG_WARN_STRICT_PROTOTYPES = YES;
				CLANG_WARN_SUSPICIOUS_MOVE = YES;
				CLANG_WARN_UNGUARDED_AVAILABILITY = YES_AGGRESSIVE;
				CLANG_WARN_UNREACHABLE_CODE = YES;
				CLANG_WARN__DUPLICATE_METHOD_MATCH = YES;
				CODE_SIGN_IDENTITY = "iPhone Developer";
				COPY_PHASE_STRIP = NO;
				DEBUG_INFORMATION_FORMAT = dwarf;
				ENABLE_STRICT_OBJC_MSGSEND = YES;
				ENABLE_TESTABILITY = YES;
				GCC_C_LANGUAGE_STANDARD = gnu11;
				GCC_DYNAMIC_NO_PIC = NO;
				GCC_NO_COMMON_BLOCKS = YES;
				GCC_OPTIMIZATION_LEVEL = 0;
				GCC_PREPROCESSOR_DEFINITIONS = (
					"DEBUG=1",
					"$(inherited)",
				);
				GCC_WARN_64_TO_32_BIT_CONVERSION = YES;
				GCC_WARN_ABOUT_RETURN_TYPE = YES_ERROR;
				GCC_WARN_UNDECLARED_SELECTOR = YES;
				GCC_WARN_UNINITIALIZED_AUTOS = YES_AGGRESSIVE;
				GCC_WARN_UNUSED_FUNCTION = YES;
				GCC_WARN_UNUSED_VARIABLE = YES;
				IPHONEOS_DEPLOYMENT_TARGET = 12.1;
				MTL_ENABLE_DEBUG_INFO = INCLUDE_SOURCE;
				MTL_FAST_MATH = YES;
				ONLY_ACTIVE_ARCH = YES;
				SDKROOT = iphoneos;
				SWIFT_ACTIVE_COMPILATION_CONDITIONS = DEBUG;
				SWIFT_OPTIMIZATION_LEVEL = "-Onone";
			};
			name = Debug;
		};
		2AC64D0621E8653400AAB6F1 /* Release */ = {
			isa = XCBuildConfiguration;
			buildSettings = {
				ALWAYS_SEARCH_USER_PATHS = NO;
				CLANG_ANALYZER_NONNULL = YES;
				CLANG_ANALYZER_NUMBER_OBJECT_CONVERSION = YES_AGGRESSIVE;
				CLANG_CXX_LANGUAGE_STANDARD = "gnu++14";
				CLANG_CXX_LIBRARY = "libc++";
				CLANG_ENABLE_MODULES = YES;
				CLANG_ENABLE_OBJC_ARC = YES;
				CLANG_ENABLE_OBJC_WEAK = YES;
				CLANG_WARN_BLOCK_CAPTURE_AUTORELEASING = YES;
				CLANG_WARN_BOOL_CONVERSION = YES;
				CLANG_WARN_COMMA = YES;
				CLANG_WARN_CONSTANT_CONVERSION = YES;
				CLANG_WARN_DEPRECATED_OBJC_IMPLEMENTATIONS = YES;
				CLANG_WARN_DIRECT_OBJC_ISA_USAGE = YES_ERROR;
				CLANG_WARN_DOCUMENTATION_COMMENTS = YES;
				CLANG_WARN_EMPTY_BODY = YES;
				CLANG_WARN_ENUM_CONVERSION = YES;
				CLANG_WARN_INFINITE_RECURSION = YES;
				CLANG_WARN_INT_CONVERSION = YES;
				CLANG_WARN_NON_LITERAL_NULL_CONVERSION = YES;
				CLANG_WARN_OBJC_IMPLICIT_RETAIN_SELF = YES;
				CLANG_WARN_OBJC_LITERAL_CONVERSION = YES;
				CLANG_WARN_OBJC_ROOT_CLASS = YES_ERROR;
				CLANG_WARN_RANGE_LOOP_ANALYSIS = YES;
				CLANG_WARN_STRICT_PROTOTYPES = YES;
				CLANG_WARN_SUSPICIOUS_MOVE = YES;
				CLANG_WARN_UNGUARDED_AVAILABILITY = YES_AGGRESSIVE;
				CLANG_WARN_UNREACHABLE_CODE = YES;
				CLANG_WARN__DUPLICATE_METHOD_MATCH = YES;
				CODE_SIGN_IDENTITY = "iPhone Developer";
				COPY_PHASE_STRIP = NO;
				DEBUG_INFORMATION_FORMAT = "dwarf-with-dsym";
				ENABLE_NS_ASSERTIONS = NO;
				ENABLE_STRICT_OBJC_MSGSEND = YES;
				GCC_C_LANGUAGE_STANDARD = gnu11;
				GCC_NO_COMMON_BLOCKS = YES;
				GCC_WARN_64_TO_32_BIT_CONVERSION = YES;
				GCC_WARN_ABOUT_RETURN_TYPE = YES_ERROR;
				GCC_WARN_UNDECLARED_SELECTOR = YES;
				GCC_WARN_UNINITIALIZED_AUTOS = YES_AGGRESSIVE;
				GCC_WARN_UNUSED_FUNCTION = YES;
				GCC_WARN_UNUSED_VARIABLE = YES;
				IPHONEOS_DEPLOYMENT_TARGET = 12.1;
				MTL_ENABLE_DEBUG_INFO = NO;
				MTL_FAST_MATH = YES;
				SDKROOT = iphoneos;
				SWIFT_COMPILATION_MODE = wholemodule;
				SWIFT_OPTIMIZATION_LEVEL = "-O";
				VALIDATE_PRODUCT = YES;
			};
			name = Release;
		};
		2AC64D0821E8653400AAB6F1 /* Debug */ = {
			isa = XCBuildConfiguration;
			buildSettings = {
				ALWAYS_EMBED_SWIFT_STANDARD_LIBRARIES = YES;
				ASSETCATALOG_COMPILER_APPICON_NAME = AppIcon;
				CODE_SIGN_STYLE = Automatic;
				DEVELOPMENT_TEAM = 4879TTCN72;
				INFOPLIST_FILE = SafariExtension/Info.plist;
				LD_RUNPATH_SEARCH_PATHS = (
					"$(inherited)",
					"@executable_path/Frameworks",
				);
				PRODUCT_BUNDLE_IDENTIFIER = com.magicaltomato.SafariExtension;
				PRODUCT_NAME = "$(TARGET_NAME)";
				SWIFT_VERSION = 4.2;
				TARGETED_DEVICE_FAMILY = "1,2";
			};
			name = Debug;
		};
		2AC64D0921E8653400AAB6F1 /* Release */ = {
			isa = XCBuildConfiguration;
			buildSettings = {
				ALWAYS_EMBED_SWIFT_STANDARD_LIBRARIES = YES;
				ASSETCATALOG_COMPILER_APPICON_NAME = AppIcon;
				CODE_SIGN_STYLE = Automatic;
				DEVELOPMENT_TEAM = 4879TTCN72;
				INFOPLIST_FILE = SafariExtension/Info.plist;
				LD_RUNPATH_SEARCH_PATHS = (
					"$(inherited)",
					"@executable_path/Frameworks",
				);
				PRODUCT_BUNDLE_IDENTIFIER = com.magicaltomato.SafariExtension;
				PRODUCT_NAME = "$(TARGET_NAME)";
				SWIFT_VERSION = 4.2;
				TARGETED_DEVICE_FAMILY = "1,2";
			};
			name = Release;
		};
		2AC64D1C21E86B3700AAB6F1 /* Debug */ = {
			isa = XCBuildConfiguration;
			buildSettings = {
				CODE_SIGN_STYLE = Automatic;
				DEVELOPMENT_TEAM = 4879TTCN72;
				INFOPLIST_FILE = Extension/Info.plist;
				LD_RUNPATH_SEARCH_PATHS = (
					"$(inherited)",
					"@executable_path/Frameworks",
					"@executable_path/../../Frameworks",
				);
				PRODUCT_BUNDLE_IDENTIFIER = com.magicaltomato.SafariExtension.Extension;
				PRODUCT_NAME = "$(TARGET_NAME)";
				SKIP_INSTALL = YES;
				SWIFT_VERSION = 4.2;
				TARGETED_DEVICE_FAMILY = "1,2";
			};
			name = Debug;
		};
		2AC64D1D21E86B3700AAB6F1 /* Release */ = {
			isa = XCBuildConfiguration;
			buildSettings = {
				CODE_SIGN_STYLE = Automatic;
				DEVELOPMENT_TEAM = 4879TTCN72;
				INFOPLIST_FILE = Extension/Info.plist;
				LD_RUNPATH_SEARCH_PATHS = (
					"$(inherited)",
					"@executable_path/Frameworks",
					"@executable_path/../../Frameworks",
				);
				PRODUCT_BUNDLE_IDENTIFIER = com.magicaltomato.SafariExtension.Extension;
				PRODUCT_NAME = "$(TARGET_NAME)";
				SKIP_INSTALL = YES;
				SWIFT_VERSION = 4.2;
				TARGETED_DEVICE_FAMILY = "1,2";
			};
			name = Release;
		};
/* End XCBuildConfiguration section */

/* Begin XCConfigurationList section */
		2AC64CF021E8653200AAB6F1 /* Build configuration list for PBXProject "SafariExtension" */ = {
			isa = XCConfigurationList;
			buildConfigurations = (
				2AC64D0521E8653400AAB6F1 /* Debug */,
				2AC64D0621E8653400AAB6F1 /* Release */,
			);
			defaultConfigurationIsVisible = 0;
			defaultConfigurationName = Release;
		};
		2AC64D0721E8653400AAB6F1 /* Build configuration list for PBXNativeTarget "SafariExtension" */ = {
			isa = XCConfigurationList;
			buildConfigurations = (
				2AC64D0821E8653400AAB6F1 /* Debug */,
				2AC64D0921E8653400AAB6F1 /* Release */,
			);
			defaultConfigurationIsVisible = 0;
			defaultConfigurationName = Release;
		};
		2AC64D1B21E86B3700AAB6F1 /* Build configuration list for PBXNativeTarget "Extension" */ = {
			isa = XCConfigurationList;
			buildConfigurations = (
				2AC64D1C21E86B3700AAB6F1 /* Debug */,
				2AC64D1D21E86B3700AAB6F1 /* Release */,
			);
			defaultConfigurationIsVisible = 0;
			defaultConfigurationName = Release;
		};
/* End XCConfigurationList section */
	};
	rootObject = 2AC64CED21E8653200AAB6F1 /* Project object */;
}
